
Microsoft Visual Studio Solution File, Format Version 12.00
# Visual Studio Version 16
VisualStudioVersion = 16.0.31025.218
MinimumVisualStudioVersion = 10.0.40219.1
Project("{9A19103F-16F7-4668-BE54-9A1E7A4F7556}") = "MyGame", "MyGame\MyGame.csproj", "{DA57A607-2FE9-4DFF-B5FE-1F54529E9A49}"
EndProject
Global
	GlobalSection(SolutionConfigurationPlatforms) = preSolution
		Debug|Any CPU = Debug|Any CPU
		Local + Remote Debug|Any CPU = Local + Remote Debug|Any CPU
		Release|Any CPU = Release|Any CPU
	EndGlobalSection
	GlobalSection(ProjectConfigurationPlatforms) = postSolution
		{DA57A607-2FE9-4DFF-B5FE-1F54529E9A49}.Debug|Any CPU.ActiveCfg = Debug|Any CPU
		{DA57A607-2FE9-4DFF-B5FE-1F54529E9A49}.Debug|Any CPU.Build.0 = Debug|Any CPU
		{DA57A607-2FE9-4DFF-B5FE-1F54529E9A49}.Local + Remote Debug|Any CPU.ActiveCfg = Local + Remote Debug|Any CPU
		{DA57A607-2FE9-4DFF-B5FE-1F54529E9A49}.Local + Remote Debug|Any CPU.Build.0 = Local + Remote Debug|Any CPU
		{DA57A607-2FE9-4DFF-B5FE-1F54529E9A49}.Release|Any CPU.ActiveCfg = Release|Any CPU
		{DA57A607-2FE9-4DFF-B5FE-1F54529E9A49}.Release|Any CPU.Build.0 = Release|Any CPU
	EndGlobalSection
	GlobalSection(SolutionProperties) = preSolution
		HideSolutionNode = FALSE
	EndGlobalSection
	GlobalSection(ExtensibilityGlobals) = postSolution
		SolutionGuid = {C1E7136E-EEA8-4906-8DA9-7B19FAE28B3B}
	EndGlobalSection
EndGlobal
